// !$*UTF8*$!
{
	archiveVersion = 1;
	classes = {
	};
	objectVersion = 56;
	objects = {

/* Begin PBXBuildFile section */
		F636B91E29B0B11800B7C61D /* ProfileViewController.swift in Sources */ = {isa = PBXBuildFile; fileRef = F636B91D29B0B11800B7C61D /* ProfileViewController.swift */; };
		F6510D9429CDAB5D007F5493 /* OAuthTokenResponseBody.swift in Sources */ = {isa = PBXBuildFile; fileRef = F6510D9329CDAB5D007F5493 /* OAuthTokenResponseBody.swift */; };
		F6510D9629CDABE2007F5493 /* OAuth2Service.swift in Sources */ = {isa = PBXBuildFile; fileRef = F6510D9529CDABE2007F5493 /* OAuth2Service.swift */; };
		F6510D9829CDB29D007F5493 /* OAuth2TokenStorage.swift in Sources */ = {isa = PBXBuildFile; fileRef = F6510D9729CDB29D007F5493 /* OAuth2TokenStorage.swift */; };
		F6510D9B29CE318C007F5493 /* SplashViewController.swift in Sources */ = {isa = PBXBuildFile; fileRef = F6510D9A29CE318C007F5493 /* SplashViewController.swift */; };
		F6510D9F29D6F17C007F5493 /* ProgressHUD in Frameworks */ = {isa = PBXBuildFile; productRef = F6510D9E29D6F17C007F5493 /* ProgressHUD */; };
		F6510DA229D71251007F5493 /* UIBlockingProgressHUD.swift in Sources */ = {isa = PBXBuildFile; fileRef = F6510DA129D71251007F5493 /* UIBlockingProgressHUD.swift */; };
		F670862529B61252003A57C7 /* SingleImageViewController.swift in Sources */ = {isa = PBXBuildFile; fileRef = F670862429B61252003A57C7 /* SingleImageViewController.swift */; };
		F670864729C9BC36003A57C7 /* Constants.swift in Sources */ = {isa = PBXBuildFile; fileRef = F670864629C9BC36003A57C7 /* Constants.swift */; };
		F670864A29CB1B3B003A57C7 /* AuthViewController.swift in Sources */ = {isa = PBXBuildFile; fileRef = F670864929CB1B3B003A57C7 /* AuthViewController.swift */; };
		F670864C29CB2B05003A57C7 /* WebViewController.swift in Sources */ = {isa = PBXBuildFile; fileRef = F670864B29CB2B05003A57C7 /* WebViewController.swift */; };
		F69E084D299F873D006358E6 /* AppDelegate.swift in Sources */ = {isa = PBXBuildFile; fileRef = F69E084C299F873D006358E6 /* AppDelegate.swift */; };
		F69E084F299F873D006358E6 /* SceneDelegate.swift in Sources */ = {isa = PBXBuildFile; fileRef = F69E084E299F873D006358E6 /* SceneDelegate.swift */; };
		F69E0851299F873D006358E6 /* ImagesListViewController.swift in Sources */ = {isa = PBXBuildFile; fileRef = F69E0850299F873D006358E6 /* ImagesListViewController.swift */; };
		F69E0856299F873E006358E6 /* Assets.xcassets in Resources */ = {isa = PBXBuildFile; fileRef = F69E0855299F873E006358E6 /* Assets.xcassets */; };
		F69E0859299F873E006358E6 /* LaunchScreen.storyboard in Resources */ = {isa = PBXBuildFile; fileRef = F69E0857299F873E006358E6 /* LaunchScreen.storyboard */; };
		F69E0881299FC1E1006358E6 /* ImagesListCell.swift in Sources */ = {isa = PBXBuildFile; fileRef = F69E0880299FC1E1006358E6 /* ImagesListCell.swift */; };
		F6E7978C29DAD80600B5F2C9 /* ProfileService.swift in Sources */ = {isa = PBXBuildFile; fileRef = F6E7978B29DAD80600B5F2C9 /* ProfileService.swift */; };
		F6E7978E29DAD87A00B5F2C9 /* Profile.swift in Sources */ = {isa = PBXBuildFile; fileRef = F6E7978D29DAD87A00B5F2C9 /* Profile.swift */; };
		F6E7979029DAD89600B5F2C9 /* ProfileResult.swift in Sources */ = {isa = PBXBuildFile; fileRef = F6E7978F29DAD89600B5F2C9 /* ProfileResult.swift */; };
		F6E7979229DADCD000B5F2C9 /* UrlSession+Extension.swift in Sources */ = {isa = PBXBuildFile; fileRef = F6E7979129DADCD000B5F2C9 /* UrlSession+Extension.swift */; };
		F6E7979429DAE95100B5F2C9 /* ProfileImageService.swift in Sources */ = {isa = PBXBuildFile; fileRef = F6E7979329DAE95100B5F2C9 /* ProfileImageService.swift */; };
		F6E7979629DAEA4A00B5F2C9 /* UserResult.swift in Sources */ = {isa = PBXBuildFile; fileRef = F6E7979529DAEA4A00B5F2C9 /* UserResult.swift */; };
		F6E7979929DB06B400B5F2C9 /* Kingfisher in Frameworks */ = {isa = PBXBuildFile; productRef = F6E7979829DB06B400B5F2C9 /* Kingfisher */; };
		F6E7979C29DC34B700B5F2C9 /* SwiftKeychainWrapper in Frameworks */ = {isa = PBXBuildFile; productRef = F6E7979B29DC34B700B5F2C9 /* SwiftKeychainWrapper */; };
		F6E7979F29DD7ADD00B5F2C9 /* TabBarController.swift in Sources */ = {isa = PBXBuildFile; fileRef = F6E7979E29DD7ADD00B5F2C9 /* TabBarController.swift */; };
		F6E797A129DD8C7D00B5F2C9 /* AuthViewControllerDelegate.swift in Sources */ = {isa = PBXBuildFile; fileRef = F6E797A029DD8C7D00B5F2C9 /* AuthViewControllerDelegate.swift */; };
		F6E797A429DD8E5100B5F2C9 /* WebViewControllerDelegate.swift in Sources */ = {isa = PBXBuildFile; fileRef = F6E797A329DD8E5100B5F2C9 /* WebViewControllerDelegate.swift */; };
		F6E797AA29DDAE5200B5F2C9 /* AppTypes.swift in Sources */ = {isa = PBXBuildFile; fileRef = F6E797A929DDAE5200B5F2C9 /* AppTypes.swift */; };
		F6E797AE29DED64000B5F2C9 /* AppErrors.swift in Sources */ = {isa = PBXBuildFile; fileRef = F6E797AD29DED64000B5F2C9 /* AppErrors.swift */; };
		F6E797B029E023B300B5F2C9 /* UIColor+Extension.swift in Sources */ = {isa = PBXBuildFile; fileRef = F6E797AF29E023B300B5F2C9 /* UIColor+Extension.swift */; };
		F6E797B329E0265E00B5F2C9 /* AppStyledViewController.swift in Sources */ = {isa = PBXBuildFile; fileRef = F6E797B229E0265E00B5F2C9 /* AppStyledViewController.swift */; };
		F6E797B529E026A900B5F2C9 /* AppStyledTabBarController.swift in Sources */ = {isa = PBXBuildFile; fileRef = F6E797B429E026A900B5F2C9 /* AppStyledTabBarController.swift */; };
/* End PBXBuildFile section */

/* Begin PBXFileReference section */
		F636B91D29B0B11800B7C61D /* ProfileViewController.swift */ = {isa = PBXFileReference; lastKnownFileType = sourcecode.swift; path = ProfileViewController.swift; sourceTree = "<group>"; };
		F6510D9329CDAB5D007F5493 /* OAuthTokenResponseBody.swift */ = {isa = PBXFileReference; lastKnownFileType = sourcecode.swift; path = OAuthTokenResponseBody.swift; sourceTree = "<group>"; };
		F6510D9529CDABE2007F5493 /* OAuth2Service.swift */ = {isa = PBXFileReference; lastKnownFileType = sourcecode.swift; path = OAuth2Service.swift; sourceTree = "<group>"; };
		F6510D9729CDB29D007F5493 /* OAuth2TokenStorage.swift */ = {isa = PBXFileReference; lastKnownFileType = sourcecode.swift; path = OAuth2TokenStorage.swift; sourceTree = "<group>"; };
		F6510D9A29CE318C007F5493 /* SplashViewController.swift */ = {isa = PBXFileReference; lastKnownFileType = sourcecode.swift; path = SplashViewController.swift; sourceTree = "<group>"; };
		F6510DA129D71251007F5493 /* UIBlockingProgressHUD.swift */ = {isa = PBXFileReference; lastKnownFileType = sourcecode.swift; path = UIBlockingProgressHUD.swift; sourceTree = "<group>"; };
		F670862429B61252003A57C7 /* SingleImageViewController.swift */ = {isa = PBXFileReference; lastKnownFileType = sourcecode.swift; path = SingleImageViewController.swift; sourceTree = "<group>"; };
		F670864629C9BC36003A57C7 /* Constants.swift */ = {isa = PBXFileReference; lastKnownFileType = sourcecode.swift; path = Constants.swift; sourceTree = "<group>"; };
		F670864929CB1B3B003A57C7 /* AuthViewController.swift */ = {isa = PBXFileReference; lastKnownFileType = sourcecode.swift; path = AuthViewController.swift; sourceTree = "<group>"; };
		F670864B29CB2B05003A57C7 /* WebViewController.swift */ = {isa = PBXFileReference; lastKnownFileType = sourcecode.swift; path = WebViewController.swift; sourceTree = "<group>"; };
		F69E0849299F873D006358E6 /* ImageFeed.app */ = {isa = PBXFileReference; explicitFileType = wrapper.application; includeInIndex = 0; path = ImageFeed.app; sourceTree = BUILT_PRODUCTS_DIR; };
		F69E084C299F873D006358E6 /* AppDelegate.swift */ = {isa = PBXFileReference; lastKnownFileType = sourcecode.swift; path = AppDelegate.swift; sourceTree = "<group>"; };
		F69E084E299F873D006358E6 /* SceneDelegate.swift */ = {isa = PBXFileReference; lastKnownFileType = sourcecode.swift; path = SceneDelegate.swift; sourceTree = "<group>"; };
		F69E0850299F873D006358E6 /* ImagesListViewController.swift */ = {isa = PBXFileReference; lastKnownFileType = sourcecode.swift; path = ImagesListViewController.swift; sourceTree = "<group>"; };
		F69E0855299F873E006358E6 /* Assets.xcassets */ = {isa = PBXFileReference; lastKnownFileType = folder.assetcatalog; path = Assets.xcassets; sourceTree = "<group>"; };
		F69E0858299F873E006358E6 /* Base */ = {isa = PBXFileReference; lastKnownFileType = file.storyboard; name = Base; path = Base.lproj/LaunchScreen.storyboard; sourceTree = "<group>"; };
		F69E085A299F873E006358E6 /* Info.plist */ = {isa = PBXFileReference; lastKnownFileType = text.plist.xml; path = Info.plist; sourceTree = "<group>"; };
		F69E0880299FC1E1006358E6 /* ImagesListCell.swift */ = {isa = PBXFileReference; lastKnownFileType = sourcecode.swift; path = ImagesListCell.swift; sourceTree = "<group>"; };
		F6E7978B29DAD80600B5F2C9 /* ProfileService.swift */ = {isa = PBXFileReference; lastKnownFileType = sourcecode.swift; path = ProfileService.swift; sourceTree = "<group>"; };
		F6E7978D29DAD87A00B5F2C9 /* Profile.swift */ = {isa = PBXFileReference; lastKnownFileType = sourcecode.swift; path = Profile.swift; sourceTree = "<group>"; };
		F6E7978F29DAD89600B5F2C9 /* ProfileResult.swift */ = {isa = PBXFileReference; lastKnownFileType = sourcecode.swift; path = ProfileResult.swift; sourceTree = "<group>"; };
		F6E7979129DADCD000B5F2C9 /* UrlSession+Extension.swift */ = {isa = PBXFileReference; lastKnownFileType = sourcecode.swift; path = "UrlSession+Extension.swift"; sourceTree = "<group>"; };
		F6E7979329DAE95100B5F2C9 /* ProfileImageService.swift */ = {isa = PBXFileReference; lastKnownFileType = sourcecode.swift; path = ProfileImageService.swift; sourceTree = "<group>"; };
		F6E7979529DAEA4A00B5F2C9 /* UserResult.swift */ = {isa = PBXFileReference; lastKnownFileType = sourcecode.swift; path = UserResult.swift; sourceTree = "<group>"; };
		F6E7979E29DD7ADD00B5F2C9 /* TabBarController.swift */ = {isa = PBXFileReference; lastKnownFileType = sourcecode.swift; path = TabBarController.swift; sourceTree = "<group>"; };
		F6E797A029DD8C7D00B5F2C9 /* AuthViewControllerDelegate.swift */ = {isa = PBXFileReference; lastKnownFileType = sourcecode.swift; path = AuthViewControllerDelegate.swift; sourceTree = "<group>"; };
		F6E797A329DD8E5100B5F2C9 /* WebViewControllerDelegate.swift */ = {isa = PBXFileReference; lastKnownFileType = sourcecode.swift; path = WebViewControllerDelegate.swift; sourceTree = "<group>"; };
		F6E797A929DDAE5200B5F2C9 /* AppTypes.swift */ = {isa = PBXFileReference; lastKnownFileType = sourcecode.swift; path = AppTypes.swift; sourceTree = "<group>"; };
		F6E797AD29DED64000B5F2C9 /* AppErrors.swift */ = {isa = PBXFileReference; lastKnownFileType = sourcecode.swift; path = AppErrors.swift; sourceTree = "<group>"; };
		F6E797AF29E023B300B5F2C9 /* UIColor+Extension.swift */ = {isa = PBXFileReference; lastKnownFileType = sourcecode.swift; path = "UIColor+Extension.swift"; sourceTree = "<group>"; };
		F6E797B229E0265E00B5F2C9 /* AppStyledViewController.swift */ = {isa = PBXFileReference; lastKnownFileType = sourcecode.swift; path = AppStyledViewController.swift; sourceTree = "<group>"; };
		F6E797B429E026A900B5F2C9 /* AppStyledTabBarController.swift */ = {isa = PBXFileReference; lastKnownFileType = sourcecode.swift; path = AppStyledTabBarController.swift; sourceTree = "<group>"; };
/* End PBXFileReference section */

/* Begin PBXFrameworksBuildPhase section */
		F69E0846299F873D006358E6 /* Frameworks */ = {
			isa = PBXFrameworksBuildPhase;
			buildActionMask = 2147483647;
			files = (
				F6E7979929DB06B400B5F2C9 /* Kingfisher in Frameworks */,
				F6510D9F29D6F17C007F5493 /* ProgressHUD in Frameworks */,
				F6E7979C29DC34B700B5F2C9 /* SwiftKeychainWrapper in Frameworks */,
			);
			runOnlyForDeploymentPostprocessing = 0;
		};
/* End PBXFrameworksBuildPhase section */

/* Begin PBXGroup section */
		F636B91C29B0B0E000B7C61D /* Profile */ = {
			isa = PBXGroup;
			children = (
				F636B91D29B0B11800B7C61D /* ProfileViewController.swift */,
			);
			path = Profile;
			sourceTree = "<group>";
		};
		F6510D9129CDAB1F007F5493 /* ServiceAccessLayer */ = {
			isa = PBXGroup;
			children = (
				F6E7978A29DAD7F500B5F2C9 /* Profile */,
				F6E7978929DAD7D500B5F2C9 /* Auth */,
				F6510D9229CDAB47007F5493 /* Models */,
			);
			path = ServiceAccessLayer;
			sourceTree = "<group>";
		};
		F6510D9229CDAB47007F5493 /* Models */ = {
			isa = PBXGroup;
			children = (
				F6510D9329CDAB5D007F5493 /* OAuthTokenResponseBody.swift */,
				F6E7978D29DAD87A00B5F2C9 /* Profile.swift */,
				F6E7978F29DAD89600B5F2C9 /* ProfileResult.swift */,
				F6E7979529DAEA4A00B5F2C9 /* UserResult.swift */,
			);
			path = Models;
			sourceTree = "<group>";
		};
		F6510D9929CE3184007F5493 /* SplashView */ = {
			isa = PBXGroup;
			children = (
				F6510D9A29CE318C007F5493 /* SplashViewController.swift */,
			);
			path = SplashView;
			sourceTree = "<group>";
		};
		F6510D9C29CE445B007F5493 /* Resources */ = {
			isa = PBXGroup;
			children = (
				F670864629C9BC36003A57C7 /* Constants.swift */,
				F69E0857299F873E006358E6 /* LaunchScreen.storyboard */,
				F6E797A929DDAE5200B5F2C9 /* AppTypes.swift */,
				F6E797AD29DED64000B5F2C9 /* AppErrors.swift */,
			);
			path = Resources;
			sourceTree = "<group>";
		};
		F6510DA029D7122B007F5493 /* Utilities */ = {
			isa = PBXGroup;
			children = (
				F6510DA129D71251007F5493 /* UIBlockingProgressHUD.swift */,
				F6E7979129DADCD000B5F2C9 /* UrlSession+Extension.swift */,
				F6E797AF29E023B300B5F2C9 /* UIColor+Extension.swift */,
			);
			path = Utilities;
			sourceTree = "<group>";
		};
		F670862329B6121B003A57C7 /* SingleImage */ = {
			isa = PBXGroup;
			children = (
				F670862429B61252003A57C7 /* SingleImageViewController.swift */,
			);
			path = SingleImage;
			sourceTree = "<group>";
		};
		F670864829CB1B23003A57C7 /* Auth */ = {
			isa = PBXGroup;
			children = (
				F670864929CB1B3B003A57C7 /* AuthViewController.swift */,
				F6E797A029DD8C7D00B5F2C9 /* AuthViewControllerDelegate.swift */,
			);
			path = Auth;
			sourceTree = "<group>";
		};
		F69E0840299F873D006358E6 = {
			isa = PBXGroup;
			children = (
				F69E084B299F873D006358E6 /* ImageFeed */,
				F69E084A299F873D006358E6 /* Products */,
			);
			sourceTree = "<group>";
		};
		F69E084A299F873D006358E6 /* Products */ = {
			isa = PBXGroup;
			children = (
				F69E0849299F873D006358E6 /* ImageFeed.app */,
			);
			name = Products;
			sourceTree = "<group>";
		};
		F69E084B299F873D006358E6 /* ImageFeed */ = {
			isa = PBXGroup;
			children = (
				F6E7978829DAD79000B5F2C9 /* ViewControllers */,
				F6510DA029D7122B007F5493 /* Utilities */,
				F6510D9C29CE445B007F5493 /* Resources */,
				F6510D9129CDAB1F007F5493 /* ServiceAccessLayer */,
				F69E084C299F873D006358E6 /* AppDelegate.swift */,
				F69E084E299F873D006358E6 /* SceneDelegate.swift */,
				F69E0855299F873E006358E6 /* Assets.xcassets */,
				F69E085A299F873E006358E6 /* Info.plist */,
			);
			path = ImageFeed;
			sourceTree = "<group>";
		};
		F69E0882299FC216006358E6 /* ImagesList */ = {
			isa = PBXGroup;
			children = (
				F69E0850299F873D006358E6 /* ImagesListViewController.swift */,
				F69E0880299FC1E1006358E6 /* ImagesListCell.swift */,
			);
			path = ImagesList;
			sourceTree = "<group>";
		};
		F6E7978829DAD79000B5F2C9 /* ViewControllers */ = {
			isa = PBXGroup;
			children = (
				F6E797B129E0263C00B5F2C9 /* Style */,
				F6E797A229DD8DEA00B5F2C9 /* WebView */,
				F6E7979D29DD7ACE00B5F2C9 /* TabBar */,
				F6510D9929CE3184007F5493 /* SplashView */,
				F69E0882299FC216006358E6 /* ImagesList */,
				F636B91C29B0B0E000B7C61D /* Profile */,
				F670862329B6121B003A57C7 /* SingleImage */,
				F670864829CB1B23003A57C7 /* Auth */,
			);
			path = ViewControllers;
			sourceTree = "<group>";
		};
		F6E7978929DAD7D500B5F2C9 /* Auth */ = {
			isa = PBXGroup;
			children = (
				F6510D9729CDB29D007F5493 /* OAuth2TokenStorage.swift */,
				F6510D9529CDABE2007F5493 /* OAuth2Service.swift */,
			);
			path = Auth;
			sourceTree = "<group>";
		};
		F6E7978A29DAD7F500B5F2C9 /* Profile */ = {
			isa = PBXGroup;
			children = (
				F6E7978B29DAD80600B5F2C9 /* ProfileService.swift */,
				F6E7979329DAE95100B5F2C9 /* ProfileImageService.swift */,
			);
			path = Profile;
			sourceTree = "<group>";
		};
		F6E7979D29DD7ACE00B5F2C9 /* TabBar */ = {
			isa = PBXGroup;
			children = (
				F6E7979E29DD7ADD00B5F2C9 /* TabBarController.swift */,
			);
			path = TabBar;
			sourceTree = "<group>";
		};
		F6E797A229DD8DEA00B5F2C9 /* WebView */ = {
			isa = PBXGroup;
			children = (
				F670864B29CB2B05003A57C7 /* WebViewController.swift */,
				F6E797A329DD8E5100B5F2C9 /* WebViewControllerDelegate.swift */,
			);
			path = WebView;
			sourceTree = "<group>";
		};
		F6E797B129E0263C00B5F2C9 /* Style */ = {
			isa = PBXGroup;
			children = (
				F6E797B229E0265E00B5F2C9 /* AppStyledViewController.swift */,
				F6E797B429E026A900B5F2C9 /* AppStyledTabBarController.swift */,
			);
			path = Style;
			sourceTree = "<group>";
		};
/* End PBXGroup section */

/* Begin PBXNativeTarget section */
		F69E0848299F873D006358E6 /* ImageFeed */ = {
			isa = PBXNativeTarget;
			buildConfigurationList = F69E085D299F873F006358E6 /* Build configuration list for PBXNativeTarget "ImageFeed" */;
			buildPhases = (
				F69E0845299F873D006358E6 /* Sources */,
				F69E0846299F873D006358E6 /* Frameworks */,
				F69E0847299F873D006358E6 /* Resources */,
			);
			buildRules = (
			);
			dependencies = (
			);
			name = ImageFeed;
			packageProductDependencies = (
				F6510D9E29D6F17C007F5493 /* ProgressHUD */,
				F6E7979829DB06B400B5F2C9 /* Kingfisher */,
				F6E7979B29DC34B700B5F2C9 /* SwiftKeychainWrapper */,
			);
			productName = ImageFeed;
			productReference = F69E0849299F873D006358E6 /* ImageFeed.app */;
			productType = "com.apple.product-type.application";
		};
/* End PBXNativeTarget section */

/* Begin PBXProject section */
		F69E0841299F873D006358E6 /* Project object */ = {
			isa = PBXProject;
			attributes = {
				BuildIndependentTargetsInParallel = 1;
				LastSwiftUpdateCheck = 1420;
				LastUpgradeCheck = 1420;
				TargetAttributes = {
					F69E0848299F873D006358E6 = {
						CreatedOnToolsVersion = 14.2;
					};
				};
			};
			buildConfigurationList = F69E0844299F873D006358E6 /* Build configuration list for PBXProject "ImageFeed" */;
			compatibilityVersion = "Xcode 14.0";
			developmentRegion = en;
			hasScannedForEncodings = 0;
			knownRegions = (
				en,
				Base,
			);
			mainGroup = F69E0840299F873D006358E6;
			packageReferences = (
				F6510D9D29D6F17C007F5493 /* XCRemoteSwiftPackageReference "ProgressHUD" */,
				F6E7979729DB06B400B5F2C9 /* XCRemoteSwiftPackageReference "Kingfisher" */,
				F6E7979A29DC34B700B5F2C9 /* XCRemoteSwiftPackageReference "SwiftKeychainWrapper" */,
			);
			productRefGroup = F69E084A299F873D006358E6 /* Products */;
			projectDirPath = "";
			projectRoot = "";
			targets = (
				F69E0848299F873D006358E6 /* ImageFeed */,
			);
		};
/* End PBXProject section */

/* Begin PBXResourcesBuildPhase section */
		F69E0847299F873D006358E6 /* Resources */ = {
			isa = PBXResourcesBuildPhase;
			buildActionMask = 2147483647;
			files = (
				F69E0859299F873E006358E6 /* LaunchScreen.storyboard in Resources */,
				F69E0856299F873E006358E6 /* Assets.xcassets in Resources */,
			);
			runOnlyForDeploymentPostprocessing = 0;
		};
/* End PBXResourcesBuildPhase section */

/* Begin PBXSourcesBuildPhase section */
		F69E0845299F873D006358E6 /* Sources */ = {
			isa = PBXSourcesBuildPhase;
			buildActionMask = 2147483647;
			files = (
				F6510D9829CDB29D007F5493 /* OAuth2TokenStorage.swift in Sources */,
				F69E0851299F873D006358E6 /* ImagesListViewController.swift in Sources */,
				F6E797AE29DED64000B5F2C9 /* AppErrors.swift in Sources */,
				F670864C29CB2B05003A57C7 /* WebViewController.swift in Sources */,
				F69E0881299FC1E1006358E6 /* ImagesListCell.swift in Sources */,
				F636B91E29B0B11800B7C61D /* ProfileViewController.swift in Sources */,
				F6510D9629CDABE2007F5493 /* OAuth2Service.swift in Sources */,
				F6510D9B29CE318C007F5493 /* SplashViewController.swift in Sources */,
				F6E797A429DD8E5100B5F2C9 /* WebViewControllerDelegate.swift in Sources */,
				F6510D9429CDAB5D007F5493 /* OAuthTokenResponseBody.swift in Sources */,
				F6E7979029DAD89600B5F2C9 /* ProfileResult.swift in Sources */,
				F69E084D299F873D006358E6 /* AppDelegate.swift in Sources */,
				F6E797B329E0265E00B5F2C9 /* AppStyledViewController.swift in Sources */,
				F6E7978E29DAD87A00B5F2C9 /* Profile.swift in Sources */,
				F6E7979429DAE95100B5F2C9 /* ProfileImageService.swift in Sources */,
				F670864A29CB1B3B003A57C7 /* AuthViewController.swift in Sources */,
				F6E797B529E026A900B5F2C9 /* AppStyledTabBarController.swift in Sources */,
				F6E7979629DAEA4A00B5F2C9 /* UserResult.swift in Sources */,
				F670864729C9BC36003A57C7 /* Constants.swift in Sources */,
				F670862529B61252003A57C7 /* SingleImageViewController.swift in Sources */,
				F69E084F299F873D006358E6 /* SceneDelegate.swift in Sources */,
				F6510DA229D71251007F5493 /* UIBlockingProgressHUD.swift in Sources */,
				F6E797A129DD8C7D00B5F2C9 /* AuthViewControllerDelegate.swift in Sources */,
				F6E7979F29DD7ADD00B5F2C9 /* TabBarController.swift in Sources */,
				F6E7979229DADCD000B5F2C9 /* UrlSession+Extension.swift in Sources */,
				F6E797B029E023B300B5F2C9 /* UIColor+Extension.swift in Sources */,
				F6E797AA29DDAE5200B5F2C9 /* AppTypes.swift in Sources */,
				F6E7978C29DAD80600B5F2C9 /* ProfileService.swift in Sources */,
			);
			runOnlyForDeploymentPostprocessing = 0;
		};
/* End PBXSourcesBuildPhase section */

/* Begin PBXVariantGroup section */
		F69E0857299F873E006358E6 /* LaunchScreen.storyboard */ = {
			isa = PBXVariantGroup;
			children = (
				F69E0858299F873E006358E6 /* Base */,
			);
			name = LaunchScreen.storyboard;
			sourceTree = "<group>";
		};
/* End PBXVariantGroup section */

/* Begin XCBuildConfiguration section */
		F69E085B299F873F006358E6 /* Debug */ = {
			isa = XCBuildConfiguration;
			buildSettings = {
				ALWAYS_SEARCH_USER_PATHS = NO;
				CLANG_ANALYZER_NONNULL = YES;
				CLANG_ANALYZER_NUMBER_OBJECT_CONVERSION = YES_AGGRESSIVE;
				CLANG_CXX_LANGUAGE_STANDARD = "gnu++20";
				CLANG_ENABLE_MODULES = YES;
				CLANG_ENABLE_OBJC_ARC = YES;
				CLANG_ENABLE_OBJC_WEAK = YES;
				CLANG_WARN_BLOCK_CAPTURE_AUTORELEASING = YES;
				CLANG_WARN_BOOL_CONVERSION = YES;
				CLANG_WARN_COMMA = YES;
				CLANG_WARN_CONSTANT_CONVERSION = YES;
				CLANG_WARN_DEPRECATED_OBJC_IMPLEMENTATIONS = YES;
				CLANG_WARN_DIRECT_OBJC_ISA_USAGE = YES_ERROR;
				CLANG_WARN_DOCUMENTATION_COMMENTS = YES;
				CLANG_WARN_EMPTY_BODY = YES;
				CLANG_WARN_ENUM_CONVERSION = YES;
				CLANG_WARN_INFINITE_RECURSION = YES;
				CLANG_WARN_INT_CONVERSION = YES;
				CLANG_WARN_NON_LITERAL_NULL_CONVERSION = YES;
				CLANG_WARN_OBJC_IMPLICIT_RETAIN_SELF = YES;
				CLANG_WARN_OBJC_LITERAL_CONVERSION = YES;
				CLANG_WARN_OBJC_ROOT_CLASS = YES_ERROR;
				CLANG_WARN_QUOTED_INCLUDE_IN_FRAMEWORK_HEADER = YES;
				CLANG_WARN_RANGE_LOOP_ANALYSIS = YES;
				CLANG_WARN_STRICT_PROTOTYPES = YES;
				CLANG_WARN_SUSPICIOUS_MOVE = YES;
				CLANG_WARN_UNGUARDED_AVAILABILITY = YES_AGGRESSIVE;
				CLANG_WARN_UNREACHABLE_CODE = YES;
				CLANG_WARN__DUPLICATE_METHOD_MATCH = YES;
				COPY_PHASE_STRIP = NO;
				DEBUG_INFORMATION_FORMAT = dwarf;
				ENABLE_STRICT_OBJC_MSGSEND = YES;
				ENABLE_TESTABILITY = YES;
				GCC_C_LANGUAGE_STANDARD = gnu11;
				GCC_DYNAMIC_NO_PIC = NO;
				GCC_NO_COMMON_BLOCKS = YES;
				GCC_OPTIMIZATION_LEVEL = 0;
				GCC_PREPROCESSOR_DEFINITIONS = (
					"DEBUG=1",
					"$(inherited)",
				);
				GCC_WARN_64_TO_32_BIT_CONVERSION = YES;
				GCC_WARN_ABOUT_RETURN_TYPE = YES_ERROR;
				GCC_WARN_UNDECLARED_SELECTOR = YES;
				GCC_WARN_UNINITIALIZED_AUTOS = YES_AGGRESSIVE;
				GCC_WARN_UNUSED_FUNCTION = YES;
				GCC_WARN_UNUSED_VARIABLE = YES;
				IPHONEOS_DEPLOYMENT_TARGET = 16.2;
				MTL_ENABLE_DEBUG_INFO = INCLUDE_SOURCE;
				MTL_FAST_MATH = YES;
				ONLY_ACTIVE_ARCH = YES;
				SDKROOT = iphoneos;
				SWIFT_ACTIVE_COMPILATION_CONDITIONS = DEBUG;
				SWIFT_OPTIMIZATION_LEVEL = "-Onone";
			};
			name = Debug;
		};
		F69E085C299F873F006358E6 /* Release */ = {
			isa = XCBuildConfiguration;
			buildSettings = {
				ALWAYS_SEARCH_USER_PATHS = NO;
				CLANG_ANALYZER_NONNULL = YES;
				CLANG_ANALYZER_NUMBER_OBJECT_CONVERSION = YES_AGGRESSIVE;
				CLANG_CXX_LANGUAGE_STANDARD = "gnu++20";
				CLANG_ENABLE_MODULES = YES;
				CLANG_ENABLE_OBJC_ARC = YES;
				CLANG_ENABLE_OBJC_WEAK = YES;
				CLANG_WARN_BLOCK_CAPTURE_AUTORELEASING = YES;
				CLANG_WARN_BOOL_CONVERSION = YES;
				CLANG_WARN_COMMA = YES;
				CLANG_WARN_CONSTANT_CONVERSION = YES;
				CLANG_WARN_DEPRECATED_OBJC_IMPLEMENTATIONS = YES;
				CLANG_WARN_DIRECT_OBJC_ISA_USAGE = YES_ERROR;
				CLANG_WARN_DOCUMENTATION_COMMENTS = YES;
				CLANG_WARN_EMPTY_BODY = YES;
				CLANG_WARN_ENUM_CONVERSION = YES;
				CLANG_WARN_INFINITE_RECURSION = YES;
				CLANG_WARN_INT_CONVERSION = YES;
				CLANG_WARN_NON_LITERAL_NULL_CONVERSION = YES;
				CLANG_WARN_OBJC_IMPLICIT_RETAIN_SELF = YES;
				CLANG_WARN_OBJC_LITERAL_CONVERSION = YES;
				CLANG_WARN_OBJC_ROOT_CLASS = YES_ERROR;
				CLANG_WARN_QUOTED_INCLUDE_IN_FRAMEWORK_HEADER = YES;
				CLANG_WARN_RANGE_LOOP_ANALYSIS = YES;
				CLANG_WARN_STRICT_PROTOTYPES = YES;
				CLANG_WARN_SUSPICIOUS_MOVE = YES;
				CLANG_WARN_UNGUARDED_AVAILABILITY = YES_AGGRESSIVE;
				CLANG_WARN_UNREACHABLE_CODE = YES;
				CLANG_WARN__DUPLICATE_METHOD_MATCH = YES;
				COPY_PHASE_STRIP = NO;
				DEBUG_INFORMATION_FORMAT = "dwarf-with-dsym";
				ENABLE_NS_ASSERTIONS = NO;
				ENABLE_STRICT_OBJC_MSGSEND = YES;
				GCC_C_LANGUAGE_STANDARD = gnu11;
				GCC_NO_COMMON_BLOCKS = YES;
				GCC_WARN_64_TO_32_BIT_CONVERSION = YES;
				GCC_WARN_ABOUT_RETURN_TYPE = YES_ERROR;
				GCC_WARN_UNDECLARED_SELECTOR = YES;
				GCC_WARN_UNINITIALIZED_AUTOS = YES_AGGRESSIVE;
				GCC_WARN_UNUSED_FUNCTION = YES;
				GCC_WARN_UNUSED_VARIABLE = YES;
				IPHONEOS_DEPLOYMENT_TARGET = 16.2;
				MTL_ENABLE_DEBUG_INFO = NO;
				MTL_FAST_MATH = YES;
				SDKROOT = iphoneos;
				SWIFT_COMPILATION_MODE = wholemodule;
				SWIFT_OPTIMIZATION_LEVEL = "-O";
				VALIDATE_PRODUCT = YES;
			};
			name = Release;
		};
		F69E085E299F873F006358E6 /* Debug */ = {
			isa = XCBuildConfiguration;
			buildSettings = {
				ASSETCATALOG_COMPILER_APPICON_NAME = AppIcon;
				ASSETCATALOG_COMPILER_GLOBAL_ACCENT_COLOR_NAME = AccentColor;
				CODE_SIGN_STYLE = Automatic;
				CURRENT_PROJECT_VERSION = 1;
				DEVELOPMENT_TEAM = 43BA3A7UV4;
				GENERATE_INFOPLIST_FILE = YES;
				INFOPLIST_FILE = ImageFeed/Info.plist;
				INFOPLIST_KEY_UIApplicationSupportsIndirectInputEvents = YES;
				INFOPLIST_KEY_UILaunchStoryboardName = LaunchScreen;
				INFOPLIST_KEY_UISupportedInterfaceOrientations = UIInterfaceOrientationPortrait;
				INFOPLIST_KEY_UISupportedInterfaceOrientations_iPad = "UIInterfaceOrientationLandscapeLeft UIInterfaceOrientationLandscapeRight UIInterfaceOrientationPortrait UIInterfaceOrientationPortraitUpsideDown";
				IPHONEOS_DEPLOYMENT_TARGET = 13.0;
				LD_RUNPATH_SEARCH_PATHS = (
					"$(inherited)",
					"@executable_path/Frameworks",
				);
				MARKETING_VERSION = 1.0;
				PRODUCT_BUNDLE_IDENTIFIER = ru.dmitry.nikishov.ImageFeed;
				PRODUCT_NAME = "$(TARGET_NAME)";
				SUPPORTED_PLATFORMS = "iphoneos iphonesimulator";
				SUPPORTS_MACCATALYST = NO;
				SUPPORTS_MAC_DESIGNED_FOR_IPHONE_IPAD = NO;
				SWIFT_EMIT_LOC_STRINGS = YES;
				SWIFT_VERSION = 5.0;
				TARGETED_DEVICE_FAMILY = 1;
			};
			name = Debug;
		};
		F69E085F299F873F006358E6 /* Release */ = {
			isa = XCBuildConfiguration;
			buildSettings = {
				ASSETCATALOG_COMPILER_APPICON_NAME = AppIcon;
				ASSETCATALOG_COMPILER_GLOBAL_ACCENT_COLOR_NAME = AccentColor;
				CODE_SIGN_STYLE = Automatic;
				CURRENT_PROJECT_VERSION = 1;
				DEVELOPMENT_TEAM = 43BA3A7UV4;
				GENERATE_INFOPLIST_FILE = YES;
				INFOPLIST_FILE = ImageFeed/Info.plist;
				INFOPLIST_KEY_UIApplicationSupportsIndirectInputEvents = YES;
				INFOPLIST_KEY_UILaunchStoryboardName = LaunchScreen;
				INFOPLIST_KEY_UISupportedInterfaceOrientations = UIInterfaceOrientationPortrait;
				INFOPLIST_KEY_UISupportedInterfaceOrientations_iPad = "UIInterfaceOrientationLandscapeLeft UIInterfaceOrientationLandscapeRight UIInterfaceOrientationPortrait UIInterfaceOrientationPortraitUpsideDown";
				IPHONEOS_DEPLOYMENT_TARGET = 13.0;
				LD_RUNPATH_SEARCH_PATHS = (
					"$(inherited)",
					"@executable_path/Frameworks",
				);
				MARKETING_VERSION = 1.0;
				PRODUCT_BUNDLE_IDENTIFIER = ru.dmitry.nikishov.ImageFeed;
				PRODUCT_NAME = "$(TARGET_NAME)";
				SUPPORTED_PLATFORMS = "iphoneos iphonesimulator";
				SUPPORTS_MACCATALYST = NO;
				SUPPORTS_MAC_DESIGNED_FOR_IPHONE_IPAD = NO;
				SWIFT_EMIT_LOC_STRINGS = YES;
				SWIFT_VERSION = 5.0;
				TARGETED_DEVICE_FAMILY = 1;
			};
			name = Release;
		};
/* End XCBuildConfiguration section */

/* Begin XCConfigurationList section */
		F69E0844299F873D006358E6 /* Build configuration list for PBXProject "ImageFeed" */ = {
			isa = XCConfigurationList;
			buildConfigurations = (
				F69E085B299F873F006358E6 /* Debug */,
				F69E085C299F873F006358E6 /* Release */,
			);
			defaultConfigurationIsVisible = 0;
			defaultConfigurationName = Release;
		};
		F69E085D299F873F006358E6 /* Build configuration list for PBXNativeTarget "ImageFeed" */ = {
			isa = XCConfigurationList;
			buildConfigurations = (
				F69E085E299F873F006358E6 /* Debug */,
				F69E085F299F873F006358E6 /* Release */,
			);
			defaultConfigurationIsVisible = 0;
			defaultConfigurationName = Release;
		};
/* End XCConfigurationList section */

/* Begin XCRemoteSwiftPackageReference section */
		F6510D9D29D6F17C007F5493 /* XCRemoteSwiftPackageReference "ProgressHUD" */ = {
			isa = XCRemoteSwiftPackageReference;
			repositoryURL = "https://github.com/relatedcode/ProgressHUD";
			requirement = {
				kind = exactVersion;
				version = 13.6.2;
			};
		};
		F6E7979729DB06B400B5F2C9 /* XCRemoteSwiftPackageReference "Kingfisher" */ = {
			isa = XCRemoteSwiftPackageReference;
			repositoryURL = "https://github.com/onevcat/Kingfisher.git";
			requirement = {
				kind = upToNextMajorVersion;
				minimumVersion = 7.0.0;
			};
		};
		F6E7979A29DC34B700B5F2C9 /* XCRemoteSwiftPackageReference "SwiftKeychainWrapper" */ = {
			isa = XCRemoteSwiftPackageReference;
			repositoryURL = "https://github.com/jrendel/SwiftKeychainWrapper";
			requirement = {
				kind = upToNextMajorVersion;
				minimumVersion = 4.0.0;
			};
		};
/* End XCRemoteSwiftPackageReference section */

/* Begin XCSwiftPackageProductDependency section */
		F6510D9E29D6F17C007F5493 /* ProgressHUD */ = {
			isa = XCSwiftPackageProductDependency;
			package = F6510D9D29D6F17C007F5493 /* XCRemoteSwiftPackageReference "ProgressHUD" */;
			productName = ProgressHUD;
		};
		F6E7979829DB06B400B5F2C9 /* Kingfisher */ = {
			isa = XCSwiftPackageProductDependency;
			package = F6E7979729DB06B400B5F2C9 /* XCRemoteSwiftPackageReference "Kingfisher" */;
			productName = Kingfisher;
		};
		F6E7979B29DC34B700B5F2C9 /* SwiftKeychainWrapper */ = {
			isa = XCSwiftPackageProductDependency;
			package = F6E7979A29DC34B700B5F2C9 /* XCRemoteSwiftPackageReference "SwiftKeychainWrapper" */;
			productName = SwiftKeychainWrapper;
		};
/* End XCSwiftPackageProductDependency section */
	};
	rootObject = F69E0841299F873D006358E6 /* Project object */;
}
